# THIS IS AN AUTOGENERATED FILE. DO NOT EDIT THIS FILE DIRECTLY.
# yarn lockfile v1


commander@^2.19.0:
  version "2.20.3"
  resolved "https://registry.yarnpkg.com/commander/-/commander-2.20.3.tgz#fd485e84c03eb4881c20722ba48035e8531aeb33"
  integrity sha512-GpVkmM8vF2vQUkj2LvZmD35JxeJOLCwJ9cUkugyk2nuhbv3+mJvpLYYt+0+USMxE+oj+ey/lJEnhZw75x/OMcQ==

commander@^9.3.0:
  version "9.4.1"
  resolved "https://registry.yarnpkg.com/commander/-/commander-9.4.1.tgz#d1dd8f2ce6faf93147295c0df13c7c21141cfbdd"
  integrity sha512-5EEkTNyHNGFPD2H+c/dXXfQZYa/scCKasxWcXJaWnNJ99pnQN9Vnmqow+p+PlFPE63Q6mThaZws1T+HxfpgtPw==

discontinuous-range@1.0.0:
  version "1.0.0"
  resolved "https://registry.yarnpkg.com/discontinuous-range/-/discontinuous-range-1.0.0.tgz#e38331f0844bba49b9a9cb71c771585aab1bc65a"
  integrity sha512-c68LpLbO+7kP/b1Hr1qs8/BJ09F5khZGTxqxZuhzxpmwJKOgRFHJWIb9/KmqnqHhLdO55aOxFH/EGBvUQbL/RQ==

merge-ranges@^1.0.2:
  version "1.0.2"
  resolved "https://registry.yarnpkg.com/merge-ranges/-/merge-ranges-1.0.2.tgz#0e4fcaac77302079c8b30720c2fe9ba9300e535f"
  integrity sha512-0THbaWkER1BADCnnyJ3eYiRe2hQc0Bi4cuLj62khV0V+x+oa6D2NicQLF9r/9t0N+sirzyKos8DxLpmGfYjcCQ==

moo@^0.5.0:
  version "0.5.2"
  resolved "https://registry.yarnpkg.com/moo/-/moo-0.5.2.tgz#f9fe82473bc7c184b0d32e2215d3f6e67278733c"
  integrity sha512-iSAJLHYKnX41mKcJKjqvnAN9sf0LMDTXDEvFv+ffuRR9a1MIuXLjMNL6EsnDHSkKLTWNqQQ5uo61P4EbU4NU+Q==

nearley@^2.20.1:
  version "2.20.1"
  resolved "https://registry.yarnpkg.com/nearley/-/nearley-2.20.1.tgz#246cd33eff0d012faf197ff6774d7ac78acdd474"
  integrity sha512-+Mc8UaAebFzgV+KpI5n7DasuuQCHA89dmwm7JXw3TV43ukfNQ9DnBH3Mdb2g/I4Fdxc26pwimBWvjIw0UAILSQ==
  dependencies:
    commander "^2.19.0"
    moo "^0.5.0"
    railroad-diagrams "^1.0.0"
    randexp "0.4.6"

peggy@^2.0.1:
  version "2.0.1"
  resolved "https://registry.yarnpkg.com/peggy/-/peggy-2.0.1.tgz#d9bfde03b18d6ec2b9b85b2aa5af51577850152c"
  integrity sha512-mBqfmdUAOVn7RILpXTbcRBhLfTR4Go0SresSnivGDdRylBOyVFJncFiVyCNNpPWq8HmgeRleXHs/Go4o8kQVXA==
  dependencies:
    commander "^9.3.0"
    source-map-generator "0.8.0"

railroad-diagrams@^1.0.0:
  version "1.0.0"
  resolved "https://registry.yarnpkg.com/railroad-diagrams/-/railroad-diagrams-1.0.0.tgz#eb7e6267548ddedfb899c1b90e57374559cddb7e"
  integrity sha512-cz93DjNeLY0idrCNOH6PviZGRN9GJhsdm9hpn1YCS879fj4W+x5IFJhhkRZcwVgMmFF7R82UA/7Oh+R8lLZg6A==

randexp@0.4.6:
  version "0.4.6"
  resolved "https://registry.yarnpkg.com/randexp/-/randexp-0.4.6.tgz#e986ad5e5e31dae13ddd6f7b3019aa7c87f60ca3"
  integrity sha512-80WNmd9DA0tmZrw9qQa62GPPWfuXJknrmVmLcxvq4uZBdYqb1wYoKTmnlGUchvVWe0XiLupYkBoXVOxz3C8DYQ==
  dependencies:
    discontinuous-range "1.0.0"
    ret "~0.1.10"

ret@~0.1.10:
  version "0.1.15"
  resolved "https://registry.yarnpkg.com/ret/-/ret-0.1.15.tgz#b8a4825d5bdb1fc3f6f53c2bc33f81388681c7bc"
  integrity sha512-TTlYpa+OL+vMMNG24xSlQGEJ3B/RzEfUlLct7b5G/ytav+wPrplCpVMFuwzXbkecJrb6IYo1iFb0S9v37754mg==

source-map-generator@0.8.0:
  version "0.8.0"
  resolved "https://registry.yarnpkg.com/source-map-generator/-/source-map-generator-0.8.0.tgz#10d5ca0651e2c9302ea338739cbd4408849c5d00"
  integrity sha512-psgxdGMwl5MZM9S3FWee4EgsEaIjahYV5AzGnwUvPhWeITz/j6rKpysQHlQ4USdxvINlb8lKfWGIXwfkrgtqkA==
